
Microsoft Visual Studio Solution File, Format Version 10.00
# Visual C++ Express 2008
Project("{8BC9CEB8-8B4A-11D0-8D11-00A0C91BC942}") = "libcnotify", "libcnotify\libcnotify.vcproj", "{89125490-DEFE-4611-9167-E5543FFB5902}"
	ProjectSection(ProjectDependencies) = postProject
		{16DB95DF-3C55-404B-AEFB-AA0498D6BE99} = {16DB95DF-3C55-404B-AEFB-AA0498D6BE99}
	EndProjectSection
EndProject
Project("{8BC9CEB8-8B4A-11D0-8D11-00A0C91BC942}") = "libcerror", "libcerror\libcerror.vcproj", "{16DB95DF-3C55-404B-AEFB-AA0498D6BE99}"
EndProject
Project("{8BC9CEB8-8B4A-11D0-8D11-00A0C91BC942}") = "libuna", "libuna\libuna.vcproj", "{A0F057B0-861A-4773-995F-A3CC01154615}"
	ProjectSection(ProjectDependencies) = postProject
		{16DB95DF-3C55-404B-AEFB-AA0498D6BE99} = {16DB95DF-3C55-404B-AEFB-AA0498D6BE99}
	EndProjectSection
EndProject
Project("{8BC9CEB8-8B4A-11D0-8D11-00A0C91BC942}") = "ftxf_test_error", "ftxf_test_error\ftxf_test_error.vcproj", "{6ECED8F0-7C90-4331-9B9A-E2C28748EF53}"
	ProjectSection(ProjectDependencies) = postProject
		{2E1B156B-E55B-4F42-9A3D-4A4E385EC9F1} = {2E1B156B-E55B-4F42-9A3D-4A4E385EC9F1}
	EndProjectSection
EndProject
Project("{8BC9CEB8-8B4A-11D0-8D11-00A0C91BC942}") = "ftxf_test_record", "ftxf_test_record\ftxf_test_record.vcproj", "{2F58FD35-DCDE-40CD-9CCA-975E2EB7BAA9}"
	ProjectSection(ProjectDependencies) = postProject
		{2E1B156B-E55B-4F42-9A3D-4A4E385EC9F1} = {2E1B156B-E55B-4F42-9A3D-4A4E385EC9F1}
		{16DB95DF-3C55-404B-AEFB-AA0498D6BE99} = {16DB95DF-3C55-404B-AEFB-AA0498D6BE99}
	EndProjectSection
EndProject
Project("{8BC9CEB8-8B4A-11D0-8D11-00A0C91BC942}") = "ftxf_test_support", "ftxf_test_support\ftxf_test_support.vcproj", "{D6E5170B-E17B-4AD2-86FE-00B5FC5DB162}"
	ProjectSection(ProjectDependencies) = postProject
		{2E1B156B-E55B-4F42-9A3D-4A4E385EC9F1} = {2E1B156B-E55B-4F42-9A3D-4A4E385EC9F1}
	EndProjectSection
EndProject
Project("{8BC9CEB8-8B4A-11D0-8D11-00A0C91BC942}") = "libfusn", "libfusn\libfusn.vcproj", "{F4B709B7-6AC0-4D7F-9512-AD23E8E47418}"
	ProjectSection(ProjectDependencies) = postProject
		{16DB95DF-3C55-404B-AEFB-AA0498D6BE99} = {16DB95DF-3C55-404B-AEFB-AA0498D6BE99}
		{89125490-DEFE-4611-9167-E5543FFB5902} = {89125490-DEFE-4611-9167-E5543FFB5902}
		{A0F057B0-861A-4773-995F-A3CC01154615} = {A0F057B0-861A-4773-995F-A3CC01154615}
		{E251E551-F184-4D3C-94D4-4BB8C7EEBE54} = {E251E551-F184-4D3C-94D4-4BB8C7EEBE54}
	EndProjectSection
EndProject
Project("{8BC9CEB8-8B4A-11D0-8D11-00A0C91BC942}") = "libftxf", "libftxf\libftxf.vcproj", "{2E1B156B-E55B-4F42-9A3D-4A4E385EC9F1}"
	ProjectSection(ProjectDependencies) = postProject
		{16DB95DF-3C55-404B-AEFB-AA0498D6BE99} = {16DB95DF-3C55-404B-AEFB-AA0498D6BE99}
		{89125490-DEFE-4611-9167-E5543FFB5902} = {89125490-DEFE-4611-9167-E5543FFB5902}
		{A0F057B0-861A-4773-995F-A3CC01154615} = {A0F057B0-861A-4773-995F-A3CC01154615}
		{E251E551-F184-4D3C-94D4-4BB8C7EEBE54} = {E251E551-F184-4D3C-94D4-4BB8C7EEBE54}
		{A33AE618-9602-4B47-8259-BE7349F65595} = {A33AE618-9602-4B47-8259-BE7349F65595}
		{F4B709B7-6AC0-4D7F-9512-AD23E8E47418} = {F4B709B7-6AC0-4D7F-9512-AD23E8E47418}
	EndProjectSection
EndProject
Project("{8BC9CEB8-8B4A-11D0-8D11-00A0C91BC942}") = "libfdatetime", "libfdatetime\libfdatetime.vcproj", "{E251E551-F184-4D3C-94D4-4BB8C7EEBE54}"
	ProjectSection(ProjectDependencies) = postProject
		{16DB95DF-3C55-404B-AEFB-AA0498D6BE99} = {16DB95DF-3C55-404B-AEFB-AA0498D6BE99}
	EndProjectSection
EndProject
Project("{8BC9CEB8-8B4A-11D0-8D11-00A0C91BC942}") = "libfguid", "libfguid\libfguid.vcproj", "{A33AE618-9602-4B47-8259-BE7349F65595}"
	ProjectSection(ProjectDependencies) = postProject
		{16DB95DF-3C55-404B-AEFB-AA0498D6BE99} = {16DB95DF-3C55-404B-AEFB-AA0498D6BE99}
	EndProjectSection
EndProject
Global
	GlobalSection(SolutionConfigurationPlatforms) = preSolution
		Release|Win32 = Release|Win32
		VSDebug|Win32 = VSDebug|Win32
	EndGlobalSection
	GlobalSection(ProjectConfigurationPlatforms) = postSolution
		{89125490-DEFE-4611-9167-E5543FFB5902}.Release|Win32.ActiveCfg = Release|Win32
		{89125490-DEFE-4611-9167-E5543FFB5902}.Release|Win32.Build.0 = Release|Win32
		{89125490-DEFE-4611-9167-E5543FFB5902}.VSDebug|Win32.ActiveCfg = VSDebug|Win32
		{89125490-DEFE-4611-9167-E5543FFB5902}.VSDebug|Win32.Build.0 = VSDebug|Win32
		{16DB95DF-3C55-404B-AEFB-AA0498D6BE99}.Release|Win32.ActiveCfg = Release|Win32
		{16DB95DF-3C55-404B-AEFB-AA0498D6BE99}.Release|Win32.Build.0 = Release|Win32
		{16DB95DF-3C55-404B-AEFB-AA0498D6BE99}.VSDebug|Win32.ActiveCfg = VSDebug|Win32
		{16DB95DF-3C55-404B-AEFB-AA0498D6BE99}.VSDebug|Win32.Build.0 = VSDebug|Win32
		{A0F057B0-861A-4773-995F-A3CC01154615}.Release|Win32.ActiveCfg = Release|Win32
		{A0F057B0-861A-4773-995F-A3CC01154615}.Release|Win32.Build.0 = Release|Win32
		{A0F057B0-861A-4773-995F-A3CC01154615}.VSDebug|Win32.ActiveCfg = VSDebug|Win32
		{A0F057B0-861A-4773-995F-A3CC01154615}.VSDebug|Win32.Build.0 = VSDebug|Win32
		{6ECED8F0-7C90-4331-9B9A-E2C28748EF53}.Release|Win32.ActiveCfg = Release|Win32
		{6ECED8F0-7C90-4331-9B9A-E2C28748EF53}.Release|Win32.Build.0 = Release|Win32
		{6ECED8F0-7C90-4331-9B9A-E2C28748EF53}.VSDebug|Win32.ActiveCfg = VSDebug|Win32
		{6ECED8F0-7C90-4331-9B9A-E2C28748EF53}.VSDebug|Win32.Build.0 = VSDebug|Win32
		{2F58FD35-DCDE-40CD-9CCA-975E2EB7BAA9}.Release|Win32.ActiveCfg = Release|Win32
		{2F58FD35-DCDE-40CD-9CCA-975E2EB7BAA9}.Release|Win32.Build.0 = Release|Win32
		{2F58FD35-DCDE-40CD-9CCA-975E2EB7BAA9}.VSDebug|Win32.ActiveCfg = VSDebug|Win32
		{2F58FD35-DCDE-40CD-9CCA-975E2EB7BAA9}.VSDebug|Win32.Build.0 = VSDebug|Win32
		{D6E5170B-E17B-4AD2-86FE-00B5FC5DB162}.Release|Win32.ActiveCfg = Release|Win32
		{D6E5170B-E17B-4AD2-86FE-00B5FC5DB162}.Release|Win32.Build.0 = Release|Win32
		{D6E5170B-E17B-4AD2-86FE-00B5FC5DB162}.VSDebug|Win32.ActiveCfg = VSDebug|Win32
		{D6E5170B-E17B-4AD2-86FE-00B5FC5DB162}.VSDebug|Win32.Build.0 = VSDebug|Win32
		{F4B709B7-6AC0-4D7F-9512-AD23E8E47418}.Release|Win32.ActiveCfg = Release|Win32
		{F4B709B7-6AC0-4D7F-9512-AD23E8E47418}.Release|Win32.Build.0 = Release|Win32
		{F4B709B7-6AC0-4D7F-9512-AD23E8E47418}.VSDebug|Win32.ActiveCfg = VSDebug|Win32
		{F4B709B7-6AC0-4D7F-9512-AD23E8E47418}.VSDebug|Win32.Build.0 = VSDebug|Win32
		{2E1B156B-E55B-4F42-9A3D-4A4E385EC9F1}.Release|Win32.ActiveCfg = Release|Win32
		{2E1B156B-E55B-4F42-9A3D-4A4E385EC9F1}.Release|Win32.Build.0 = Release|Win32
		{2E1B156B-E55B-4F42-9A3D-4A4E385EC9F1}.VSDebug|Win32.ActiveCfg = VSDebug|Win32
		{2E1B156B-E55B-4F42-9A3D-4A4E385EC9F1}.VSDebug|Win32.Build.0 = VSDebug|Win32
		{E251E551-F184-4D3C-94D4-4BB8C7EEBE54}.Release|Win32.ActiveCfg = Release|Win32
		{E251E551-F184-4D3C-94D4-4BB8C7EEBE54}.Release|Win32.Build.0 = Release|Win32
		{E251E551-F184-4D3C-94D4-4BB8C7EEBE54}.VSDebug|Win32.ActiveCfg = VSDebug|Win32
		{E251E551-F184-4D3C-94D4-4BB8C7EEBE54}.VSDebug|Win32.Build.0 = VSDebug|Win32
		{A33AE618-9602-4B47-8259-BE7349F65595}.Release|Win32.ActiveCfg = Release|Win32
		{A33AE618-9602-4B47-8259-BE7349F65595}.Release|Win32.Build.0 = Release|Win32
		{A33AE618-9602-4B47-8259-BE7349F65595}.VSDebug|Win32.ActiveCfg = VSDebug|Win32
		{A33AE618-9602-4B47-8259-BE7349F65595}.VSDebug|Win32.Build.0 = VSDebug|Win32
	EndGlobalSection
	GlobalSection(SolutionProperties) = preSolution
		HideSolutionNode = FALSE
	EndGlobalSection
EndGlobal
